// !$*UTF8*$!
{
	archiveVersion = 1;
	classes = {
	};
	objectVersion = 50;
	objects = {

/* Begin PBXBuildFile section */
		18F16A5724ACF55A0064FE4A /* AppDelegate.swift in Sources */ = {isa = PBXBuildFile; fileRef = 18F16A5624ACF55A0064FE4A /* AppDelegate.swift */; };
		18F16A5924ACF55A0064FE4A /* SceneDelegate.swift in Sources */ = {isa = PBXBuildFile; fileRef = 18F16A5824ACF55A0064FE4A /* SceneDelegate.swift */; };
		18F16A6324ACF55B0064FE4A /* LaunchScreen.storyboard in Resources */ = {isa = PBXBuildFile; fileRef = 18F16A6124ACF55B0064FE4A /* LaunchScreen.storyboard */; };
		18F16A6B24ACF5A10064FE4A /* Assets.xcassets in Resources */ = {isa = PBXBuildFile; fileRef = 18F16A6A24ACF5A10064FE4A /* Assets.xcassets */; };
		18F16A6E24ACF5B60064FE4A /* Main.storyboard in Resources */ = {isa = PBXBuildFile; fileRef = 18F16A6C24ACF5B60064FE4A /* Main.storyboard */; };
		18F16A7524ACF5E50064FE4A /* WeatherViewController.swift in Sources */ = {isa = PBXBuildFile; fileRef = 18F16A7424ACF5E50064FE4A /* WeatherViewController.swift */; };
		18F16A7C24AD112D0064FE4A /* WeatherManager.swift in Sources */ = {isa = PBXBuildFile; fileRef = 18F16A7B24AD112D0064FE4A /* WeatherManager.swift */; };
		18F16A7E24AD1E180064FE4A /* WeatherData.swift in Sources */ = {isa = PBXBuildFile; fileRef = 18F16A7D24AD1E180064FE4A /* WeatherData.swift */; };
		18F16A8024AD266C0064FE4A /* WeatherModel.swift in Sources */ = {isa = PBXBuildFile; fileRef = 18F16A7F24AD266C0064FE4A /* WeatherModel.swift */; };
/* End PBXBuildFile section */

/* Begin PBXFileReference section */
		18F16A5324ACF55A0064FE4A /* weatherApp.app */ = {isa = PBXFileReference; explicitFileType = wrapper.application; includeInIndex = 0; path = weatherApp.app; sourceTree = BUILT_PRODUCTS_DIR; };
		18F16A5624ACF55A0064FE4A /* AppDelegate.swift */ = {isa = PBXFileReference; lastKnownFileType = sourcecode.swift; path = AppDelegate.swift; sourceTree = "<group>"; };
		18F16A5824ACF55A0064FE4A /* SceneDelegate.swift */ = {isa = PBXFileReference; lastKnownFileType = sourcecode.swift; path = SceneDelegate.swift; sourceTree = "<group>"; };
		18F16A6224ACF55B0064FE4A /* Base */ = {isa = PBXFileReference; lastKnownFileType = file.storyboard; name = Base; path = Base.lproj/LaunchScreen.storyboard; sourceTree = "<group>"; };
		18F16A6424ACF55B0064FE4A /* Info.plist */ = {isa = PBXFileReference; lastKnownFileType = text.plist.xml; path = Info.plist; sourceTree = "<group>"; };
		18F16A6A24ACF5A10064FE4A /* Assets.xcassets */ = {isa = PBXFileReference; lastKnownFileType = folder.assetcatalog; name = Assets.xcassets; path = "../../../../../../Downloads/Clima-iOS13-master/Clima/Assets.xcassets"; sourceTree = "<group>"; };
		18F16A6D24ACF5B60064FE4A /* Base */ = {isa = PBXFileReference; lastKnownFileType = file.storyboard; name = Base; path = "../../../../../../Downloads/Clima-iOS13-master/Clima/View/Base.lproj/Main.storyboard"; sourceTree = "<group>"; };
		18F16A7424ACF5E50064FE4A /* WeatherViewController.swift */ = {isa = PBXFileReference; fileEncoding = 4; lastKnownFileType = sourcecode.swift; name = WeatherViewController.swift; path = "../../../../../../../Downloads/Clima-iOS13-master/Clima/Controller/WeatherViewController.swift"; sourceTree = "<group>"; };
		18F16A7B24AD112D0064FE4A /* WeatherManager.swift */ = {isa = PBXFileReference; lastKnownFileType = sourcecode.swift; path = WeatherManager.swift; sourceTree = "<group>"; };
		18F16A7D24AD1E180064FE4A /* WeatherData.swift */ = {isa = PBXFileReference; lastKnownFileType = sourcecode.swift; path = WeatherData.swift; sourceTree = "<group>"; };
		18F16A7F24AD266C0064FE4A /* WeatherModel.swift */ = {isa = PBXFileReference; lastKnownFileType = sourcecode.swift; path = WeatherModel.swift; sourceTree = "<group>"; };
/* End PBXFileReference section */

/* Begin PBXFrameworksBuildPhase section */
		18F16A5024ACF55A0064FE4A /* Frameworks */ = {
			isa = PBXFrameworksBuildPhase;
			buildActionMask = 2147483647;
			files = (
			);
			runOnlyForDeploymentPostprocessing = 0;
		};
/* End PBXFrameworksBuildPhase section */

/* Begin PBXGroup section */
		18F16A4A24ACF55A0064FE4A = {
			isa = PBXGroup;
			children = (
				18F16A5524ACF55A0064FE4A /* weatherApp */,
				18F16A5424ACF55A0064FE4A /* Products */,
			);
			sourceTree = "<group>";
		};
		18F16A5424ACF55A0064FE4A /* Products */ = {
			isa = PBXGroup;
			children = (
				18F16A5324ACF55A0064FE4A /* weatherApp.app */,
			);
			name = Products;
			sourceTree = "<group>";
		};
		18F16A5524ACF55A0064FE4A /* weatherApp */ = {
			isa = PBXGroup;
			children = (
				18F16A7A24AD11200064FE4A /* Model */,
				18F16A7624ACF5F70064FE4A /* View */,
				18F16A7324ACF5D70064FE4A /* Controller */,
				18F16A5624ACF55A0064FE4A /* AppDelegate.swift */,
				18F16A5824ACF55A0064FE4A /* SceneDelegate.swift */,
				18F16A6A24ACF5A10064FE4A /* Assets.xcassets */,
				18F16A6124ACF55B0064FE4A /* LaunchScreen.storyboard */,
				18F16A6424ACF55B0064FE4A /* Info.plist */,
			);
			path = weatherApp;
			sourceTree = "<group>";
		};
		18F16A7324ACF5D70064FE4A /* Controller */ = {
			isa = PBXGroup;
			children = (
				18F16A7424ACF5E50064FE4A /* WeatherViewController.swift */,
			);
			path = Controller;
			sourceTree = "<group>";
		};
		18F16A7624ACF5F70064FE4A /* View */ = {
			isa = PBXGroup;
			children = (
				18F16A6C24ACF5B60064FE4A /* Main.storyboard */,
			);
			path = View;
			sourceTree = "<group>";
		};
		18F16A7A24AD11200064FE4A /* Model */ = {
			isa = PBXGroup;
			children = (
				18F16A7B24AD112D0064FE4A /* WeatherManager.swift */,
				18F16A7D24AD1E180064FE4A /* WeatherData.swift */,
				18F16A7F24AD266C0064FE4A /* WeatherModel.swift */,
			);
			path = Model;
			sourceTree = "<group>";
		};
/* End PBXGroup section */

/* Begin PBXNativeTarget section */
		18F16A5224ACF55A0064FE4A /* weatherApp */ = {
			isa = PBXNativeTarget;
			buildConfigurationList = 18F16A6724ACF55B0064FE4A /* Build configuration list for PBXNativeTarget "weatherApp" */;
			buildPhases = (
				18F16A4F24ACF55A0064FE4A /* Sources */,
				18F16A5024ACF55A0064FE4A /* Frameworks */,
				18F16A5124ACF55A0064FE4A /* Resources */,
			);
			buildRules = (
			);
			dependencies = (
			);
			name = weatherApp;
			productName = weatherApp;
			productReference = 18F16A5324ACF55A0064FE4A /* weatherApp.app */;
			productType = "com.apple.product-type.application";
		};
/* End PBXNativeTarget section */

/* Begin PBXProject section */
		18F16A4B24ACF55A0064FE4A /* Project object */ = {
			isa = PBXProject;
			attributes = {
				LastSwiftUpdateCheck = 1150;
				LastUpgradeCheck = 1150;
				ORGANIZATIONNAME = "Treydin Winward";
				TargetAttributes = {
					18F16A5224ACF55A0064FE4A = {
						CreatedOnToolsVersion = 11.5;
					};
				};
			};
			buildConfigurationList = 18F16A4E24ACF55A0064FE4A /* Build configuration list for PBXProject "weatherApp" */;
			compatibilityVersion = "Xcode 9.3";
			developmentRegion = en;
			hasScannedForEncodings = 0;
			knownRegions = (
				en,
				Base,
			);
			mainGroup = 18F16A4A24ACF55A0064FE4A;
			productRefGroup = 18F16A5424ACF55A0064FE4A /* Products */;
			projectDirPath = "";
			projectRoot = "";
			targets = (
				18F16A5224ACF55A0064FE4A /* weatherApp */,
			);
		};
/* End PBXProject section */

/* Begin PBXResourcesBuildPhase section */
		18F16A5124ACF55A0064FE4A /* Resources */ = {
			isa = PBXResourcesBuildPhase;
			buildActionMask = 2147483647;
			files = (
				18F16A6324ACF55B0064FE4A /* LaunchScreen.storyboard in Resources */,
				18F16A6B24ACF5A10064FE4A /* Assets.xcassets in Resources */,
				18F16A6E24ACF5B60064FE4A /* Main.storyboard in Resources */,
			);
			runOnlyForDeploymentPostprocessing = 0;
		};
/* End PBXResourcesBuildPhase section */

/* Begin PBXSourcesBuildPhase section */
		18F16A4F24ACF55A0064FE4A /* Sources */ = {
			isa = PBXSourcesBuildPhase;
			buildActionMask = 2147483647;
			files = (
				18F16A7524ACF5E50064FE4A /* WeatherViewController.swift in Sources */,
				18F16A7E24AD1E180064FE4A /* WeatherData.swift in Sources */,
				18F16A7C24AD112D0064FE4A /* WeatherManager.swift in Sources */,
				18F16A5724ACF55A0064FE4A /* AppDelegate.swift in Sources */,
				18F16A8024AD266C0064FE4A /* WeatherModel.swift in Sources */,
				18F16A5924ACF55A0064FE4A /* SceneDelegate.swift in Sources */,
			);
			runOnlyForDeploymentPostprocessing = 0;
		};
/* End PBXSourcesBuildPhase section */

/* Begin PBXVariantGroup section */
		18F16A6124ACF55B0064FE4A /* LaunchScreen.storyboard */ = {
			isa = PBXVariantGroup;
			children = (
				18F16A6224ACF55B0064FE4A /* Base */,
			);
			name = LaunchScreen.storyboard;
			sourceTree = "<group>";
		};
		18F16A6C24ACF5B60064FE4A /* Main.storyboard */ = {
			isa = PBXVariantGroup;
			children = (
				18F16A6D24ACF5B60064FE4A /* Base */,
			);
			name = Main.storyboard;
			sourceTree = "<group>";
		};
/* End PBXVariantGroup section */

/* Begin XCBuildConfiguration section */
		18F16A6524ACF55B0064FE4A /* Debug */ = {
			isa = XCBuildConfiguration;
			buildSettings = {
				ALWAYS_SEARCH_USER_PATHS = NO;
				CLANG_ANALYZER_NONNULL = YES;
				CLANG_ANALYZER_NUMBER_OBJECT_CONVERSION = YES_AGGRESSIVE;
				CLANG_CXX_LANGUAGE_STANDARD = "gnu++14";
				CLANG_CXX_LIBRARY = "libc++";
				CLANG_ENABLE_MODULES = YES;
				CLANG_ENABLE_OBJC_ARC = YES;
				CLANG_ENABLE_OBJC_WEAK = YES;
				CLANG_WARN_BLOCK_CAPTURE_AUTORELEASING = YES;
				CLANG_WARN_BOOL_CONVERSION = YES;
				CLANG_WARN_COMMA = YES;
				CLANG_WARN_CONSTANT_CONVERSION = YES;
				CLANG_WARN_DEPRECATED_OBJC_IMPLEMENTATIONS = YES;
				CLANG_WARN_DIRECT_OBJC_ISA_USAGE = YES_ERROR;
				CLANG_WARN_DOCUMENTATION_COMMENTS = YES;
				CLANG_WARN_EMPTY_BODY = YES;
				CLANG_WARN_ENUM_CONVERSION = YES;
				CLANG_WARN_INFINITE_RECURSION = YES;
				CLANG_WARN_INT_CONVERSION = YES;
				CLANG_WARN_NON_LITERAL_NULL_CONVERSION = YES;
				CLANG_WARN_OBJC_IMPLICIT_RETAIN_SELF = YES;
				CLANG_WARN_OBJC_LITERAL_CONVERSION = YES;
				CLANG_WARN_OBJC_ROOT_CLASS = YES_ERROR;
				CLANG_WARN_RANGE_LOOP_ANALYSIS = YES;
				CLANG_WARN_STRICT_PROTOTYPES = YES;
				CLANG_WARN_SUSPICIOUS_MOVE = YES;
				CLANG_WARN_UNGUARDED_AVAILABILITY = YES_AGGRESSIVE;
				CLANG_WARN_UNREACHABLE_CODE = YES;
				CLANG_WARN__DUPLICATE_METHOD_MATCH = YES;
				COPY_PHASE_STRIP = NO;
				DEBUG_INFORMATION_FORMAT = dwarf;
				ENABLE_STRICT_OBJC_MSGSEND = YES;
				ENABLE_TESTABILITY = YES;
				GCC_C_LANGUAGE_STANDARD = gnu11;
				GCC_DYNAMIC_NO_PIC = NO;
				GCC_NO_COMMON_BLOCKS = YES;
				GCC_OPTIMIZATION_LEVEL = 0;
				GCC_PREPROCESSOR_DEFINITIONS = (
					"DEBUG=1",
					"$(inherited)",
				);
				GCC_WARN_64_TO_32_BIT_CONVERSION = YES;
				GCC_WARN_ABOUT_RETURN_TYPE = YES_ERROR;
				GCC_WARN_UNDECLARED_SELECTOR = YES;
				GCC_WARN_UNINITIALIZED_AUTOS = YES_AGGRESSIVE;
				GCC_WARN_UNUSED_FUNCTION = YES;
				GCC_WARN_UNUSED_VARIABLE = YES;
				IPHONEOS_DEPLOYMENT_TARGET = 13.5;
				MTL_ENABLE_DEBUG_INFO = INCLUDE_SOURCE;
				MTL_FAST_MATH = YES;
				ONLY_ACTIVE_ARCH = YES;
				SDKROOT = iphoneos;
				SWIFT_ACTIVE_COMPILATION_CONDITIONS = DEBUG;
				SWIFT_OPTIMIZATION_LEVEL = "-Onone";
			};
			name = Debug;
		};
		18F16A6624ACF55B0064FE4A /* Release */ = {
			isa = XCBuildConfiguration;
			buildSettings = {
				ALWAYS_SEARCH_USER_PATHS = NO;
				CLANG_ANALYZER_NONNULL = YES;
				CLANG_ANALYZER_NUMBER_OBJECT_CONVERSION = YES_AGGRESSIVE;
				CLANG_CXX_LANGUAGE_STANDARD = "gnu++14";
				CLANG_CXX_LIBRARY = "libc++";
				CLANG_ENABLE_MODULES = YES;
				CLANG_ENABLE_OBJC_ARC = YES;
				CLANG_ENABLE_OBJC_WEAK = YES;
				CLANG_WARN_BLOCK_CAPTURE_AUTORELEASING = YES;
				CLANG_WARN_BOOL_CONVERSION = YES;
				CLANG_WARN_COMMA = YES;
				CLANG_WARN_CONSTANT_CONVERSION = YES;
				CLANG_WARN_DEPRECATED_OBJC_IMPLEMENTATIONS = YES;
				CLANG_WARN_DIRECT_OBJC_ISA_USAGE = YES_ERROR;
				CLANG_WARN_DOCUMENTATION_COMMENTS = YES;
				CLANG_WARN_EMPTY_BODY = YES;
				CLANG_WARN_ENUM_CONVERSION = YES;
				CLANG_WARN_INFINITE_RECURSION = YES;
				CLANG_WARN_INT_CONVERSION = YES;
				CLANG_WARN_NON_LITERAL_NULL_CONVERSION = YES;
				CLANG_WARN_OBJC_IMPLICIT_RETAIN_SELF = YES;
				CLANG_WARN_OBJC_LITERAL_CONVERSION = YES;
				CLANG_WARN_OBJC_ROOT_CLASS = YES_ERROR;
				CLANG_WARN_RANGE_LOOP_ANALYSIS = YES;
				CLANG_WARN_STRICT_PROTOTYPES = YES;
				CLANG_WARN_SUSPICIOUS_MOVE = YES;
				CLANG_WARN_UNGUARDED_AVAILABILITY = YES_AGGRESSIVE;
				CLANG_WARN_UNREACHABLE_CODE = YES;
				CLANG_WARN__DUPLICATE_METHOD_MATCH = YES;
				COPY_PHASE_STRIP = NO;
				DEBUG_INFORMATION_FORMAT = "dwarf-with-dsym";
				ENABLE_NS_ASSERTIONS = NO;
				ENABLE_STRICT_OBJC_MSGSEND = YES;
				GCC_C_LANGUAGE_STANDARD = gnu11;
				GCC_NO_COMMON_BLOCKS = YES;
				GCC_WARN_64_TO_32_BIT_CONVERSION = YES;
				GCC_WARN_ABOUT_RETURN_TYPE = YES_ERROR;
				GCC_WARN_UNDECLARED_SELECTOR = YES;
				GCC_WARN_UNINITIALIZED_AUTOS = YES_AGGRESSIVE;
				GCC_WARN_UNUSED_FUNCTION = YES;
				GCC_WARN_UNUSED_VARIABLE = YES;
				IPHONEOS_DEPLOYMENT_TARGET = 13.5;
				MTL_ENABLE_DEBUG_INFO = NO;
				MTL_FAST_MATH = YES;
				SDKROOT = iphoneos;
				SWIFT_COMPILATION_MODE = wholemodule;
				SWIFT_OPTIMIZATION_LEVEL = "-O";
				VALIDATE_PRODUCT = YES;
			};
			name = Release;
		};
		18F16A6824ACF55B0064FE4A /* Debug */ = {
			isa = XCBuildConfiguration;
			buildSettings = {
				ASSETCATALOG_COMPILER_APPICON_NAME = AppIcon;
				CODE_SIGN_STYLE = Automatic;
				INFOPLIST_FILE = weatherApp/Info.plist;
				LD_RUNPATH_SEARCH_PATHS = (
					"$(inherited)",
					"@executable_path/Frameworks",
				);
				PRODUCT_BUNDLE_IDENTIFIER = TreydinW.weatherApp;
				PRODUCT_NAME = "$(TARGET_NAME)";
				SWIFT_VERSION = 5.0;
				TARGETED_DEVICE_FAMILY = "1,2";
			};
			name = Debug;
		};
		18F16A6924ACF55B0064FE4A /* Release */ = {
			isa = XCBuildConfiguration;
			buildSettings = {
				ASSETCATALOG_COMPILER_APPICON_NAME = AppIcon;
				CODE_SIGN_STYLE = Automatic;
				INFOPLIST_FILE = weatherApp/Info.plist;
				LD_RUNPATH_SEARCH_PATHS = (
					"$(inherited)",
					"@executable_path/Frameworks",
				);
				PRODUCT_BUNDLE_IDENTIFIER = TreydinW.weatherApp;
				PRODUCT_NAME = "$(TARGET_NAME)";
				SWIFT_VERSION = 5.0;
				TARGETED_DEVICE_FAMILY = "1,2";
			};
			name = Release;
		};
/* End XCBuildConfiguration section */

/* Begin XCConfigurationList section */
		18F16A4E24ACF55A0064FE4A /* Build configuration list for PBXProject "weatherApp" */ = {
			isa = XCConfigurationList;
			buildConfigurations = (
				18F16A6524ACF55B0064FE4A /* Debug */,
				18F16A6624ACF55B0064FE4A /* Release */,
			);
			defaultConfigurationIsVisible = 0;
			defaultConfigurationName = Release;
		};
		18F16A6724ACF55B0064FE4A /* Build configuration list for PBXNativeTarget "weatherApp" */ = {
			isa = XCConfigurationList;
			buildConfigurations = (
				18F16A6824ACF55B0064FE4A /* Debug */,
				18F16A6924ACF55B0064FE4A /* Release */,
			);
			defaultConfigurationIsVisible = 0;
			defaultConfigurationName = Release;
		};
/* End XCConfigurationList section */
	};
	rootObject = 18F16A4B24ACF55A0064FE4A /* Project object */;
}
