// !$*UTF8*$!
{
	archiveVersion = 1;
	classes = {
	};
	objectVersion = 50;
	objects = {

/* Begin PBXBuildFile section */
		18F16A8E24AD54960064FE4A /* AppDelegate.swift in Sources */ = {isa = PBXBuildFile; fileRef = 18F16A8D24AD54960064FE4A /* AppDelegate.swift */; };
		18F16A9024AD54960064FE4A /* SceneDelegate.swift in Sources */ = {isa = PBXBuildFile; fileRef = 18F16A8F24AD54960064FE4A /* SceneDelegate.swift */; };
		18F16A9224AD54960064FE4A /* TodoListViewController.swift in Sources */ = {isa = PBXBuildFile; fileRef = 18F16A9124AD54960064FE4A /* TodoListViewController.swift */; };
		18F16A9A24AD54970064FE4A /* LaunchScreen.storyboard in Resources */ = {isa = PBXBuildFile; fileRef = 18F16A9824AD54970064FE4A /* LaunchScreen.storyboard */; };
		18F16AA224AD56190064FE4A /* Assets.xcassets in Resources */ = {isa = PBXBuildFile; fileRef = 18F16AA124AD56190064FE4A /* Assets.xcassets */; };
		18F16AA524AD562F0064FE4A /* Main.storyboard in Resources */ = {isa = PBXBuildFile; fileRef = 18F16AA324AD562F0064FE4A /* Main.storyboard */; };
		18F16AA824AE3C0F0064FE4A /* DataModel.xcdatamodeld in Sources */ = {isa = PBXBuildFile; fileRef = 18F16AA624AE3C0F0064FE4A /* DataModel.xcdatamodeld */; };
		18F16ACD24AE552E0064FE4A /* CategoryTableViewController.swift in Sources */ = {isa = PBXBuildFile; fileRef = 18F16ACC24AE552E0064FE4A /* CategoryTableViewController.swift */; };
/* End PBXBuildFile section */

/* Begin PBXFileReference section */
		18F16A8A24AD54960064FE4A /* Git-It-Done.app */ = {isa = PBXFileReference; explicitFileType = wrapper.application; includeInIndex = 0; path = "Git-It-Done.app"; sourceTree = BUILT_PRODUCTS_DIR; };
		18F16A8D24AD54960064FE4A /* AppDelegate.swift */ = {isa = PBXFileReference; lastKnownFileType = sourcecode.swift; path = AppDelegate.swift; sourceTree = "<group>"; };
		18F16A8F24AD54960064FE4A /* SceneDelegate.swift */ = {isa = PBXFileReference; lastKnownFileType = sourcecode.swift; path = SceneDelegate.swift; sourceTree = "<group>"; };
		18F16A9124AD54960064FE4A /* TodoListViewController.swift */ = {isa = PBXFileReference; lastKnownFileType = sourcecode.swift; path = TodoListViewController.swift; sourceTree = "<group>"; };
		18F16A9924AD54970064FE4A /* Base */ = {isa = PBXFileReference; lastKnownFileType = file.storyboard; name = Base; path = Base.lproj/LaunchScreen.storyboard; sourceTree = "<group>"; };
		18F16A9B24AD54970064FE4A /* Info.plist */ = {isa = PBXFileReference; lastKnownFileType = text.plist.xml; path = Info.plist; sourceTree = "<group>"; };
		18F16AA124AD56190064FE4A /* Assets.xcassets */ = {isa = PBXFileReference; lastKnownFileType = folder.assetcatalog; name = Assets.xcassets; path = "../../../../../../Downloads/Todoey-iOS13-master/Todoey/Assets.xcassets"; sourceTree = "<group>"; };
		18F16AA424AD562F0064FE4A /* Base */ = {isa = PBXFileReference; lastKnownFileType = file.storyboard; name = Base; path = "../../../../../../Downloads/Todoey-iOS13-master/Todoey/Base.lproj/Main.storyboard"; sourceTree = "<group>"; };
		18F16AA724AE3C0F0064FE4A /* DataModel.xcdatamodel */ = {isa = PBXFileReference; lastKnownFileType = wrapper.xcdatamodel; path = DataModel.xcdatamodel; sourceTree = "<group>"; };
		18F16ACC24AE552E0064FE4A /* CategoryTableViewController.swift */ = {isa = PBXFileReference; lastKnownFileType = sourcecode.swift; path = CategoryTableViewController.swift; sourceTree = "<group>"; };
/* End PBXFileReference section */

/* Begin PBXFrameworksBuildPhase section */
		18F16A8724AD54960064FE4A /* Frameworks */ = {
			isa = PBXFrameworksBuildPhase;
			buildActionMask = 2147483647;
			files = (
			);
			runOnlyForDeploymentPostprocessing = 0;
		};
/* End PBXFrameworksBuildPhase section */

/* Begin PBXGroup section */
		1891B93124AE2BAE0047534A /* DataModel */ = {
			isa = PBXGroup;
			children = (
				18F16AA624AE3C0F0064FE4A /* DataModel.xcdatamodeld */,
			);
			path = DataModel;
			sourceTree = "<group>";
		};
		1891B93424AE2C140047534A /* Views */ = {
			isa = PBXGroup;
			children = (
				18F16AA324AD562F0064FE4A /* Main.storyboard */,
				18F16A9824AD54970064FE4A /* LaunchScreen.storyboard */,
			);
			path = Views;
			sourceTree = "<group>";
		};
		1891B93524AE2C200047534A /* Controllers */ = {
			isa = PBXGroup;
			children = (
				18F16ACC24AE552E0064FE4A /* CategoryTableViewController.swift */,
				18F16A9124AD54960064FE4A /* TodoListViewController.swift */,
			);
			path = Controllers;
			sourceTree = "<group>";
		};
		18F16A8124AD54960064FE4A = {
			isa = PBXGroup;
			children = (
				18F16A8C24AD54960064FE4A /* Git-It-Done */,
				18F16A8B24AD54960064FE4A /* Products */,
			);
			sourceTree = "<group>";
		};
		18F16A8B24AD54960064FE4A /* Products */ = {
			isa = PBXGroup;
			children = (
				18F16A8A24AD54960064FE4A /* Git-It-Done.app */,
			);
			name = Products;
			sourceTree = "<group>";
		};
		18F16A8C24AD54960064FE4A /* Git-It-Done */ = {
			isa = PBXGroup;
			children = (
				18F16A8D24AD54960064FE4A /* AppDelegate.swift */,
				18F16A8F24AD54960064FE4A /* SceneDelegate.swift */,
				1891B93424AE2C140047534A /* Views */,
				1891B93124AE2BAE0047534A /* DataModel */,
				1891B93524AE2C200047534A /* Controllers */,
				18F16AA124AD56190064FE4A /* Assets.xcassets */,
				18F16A9B24AD54970064FE4A /* Info.plist */,
			);
			path = "Git-It-Done";
			sourceTree = "<group>";
		};
/* End PBXGroup section */

/* Begin PBXNativeTarget section */
		18F16A8924AD54960064FE4A /* Git-It-Done */ = {
			isa = PBXNativeTarget;
			buildConfigurationList = 18F16A9E24AD54970064FE4A /* Build configuration list for PBXNativeTarget "Git-It-Done" */;
			buildPhases = (
				18F16A8624AD54960064FE4A /* Sources */,
				18F16A8724AD54960064FE4A /* Frameworks */,
				18F16A8824AD54960064FE4A /* Resources */,
			);
			buildRules = (
			);
			dependencies = (
			);
			name = "Git-It-Done";
			productName = "Git-It-Done";
			productReference = 18F16A8A24AD54960064FE4A /* Git-It-Done.app */;
			productType = "com.apple.product-type.application";
		};
/* End PBXNativeTarget section */

/* Begin PBXProject section */
		18F16A8224AD54960064FE4A /* Project object */ = {
			isa = PBXProject;
			attributes = {
				LastSwiftUpdateCheck = 1150;
				LastUpgradeCheck = 1150;
				ORGANIZATIONNAME = "Treydin Winward";
				TargetAttributes = {
					18F16A8924AD54960064FE4A = {
						CreatedOnToolsVersion = 11.5;
					};
				};
			};
			buildConfigurationList = 18F16A8524AD54960064FE4A /* Build configuration list for PBXProject "Git-It-Done" */;
			compatibilityVersion = "Xcode 9.3";
			developmentRegion = en;
			hasScannedForEncodings = 0;
			knownRegions = (
				en,
				Base,
			);
			mainGroup = 18F16A8124AD54960064FE4A;
			productRefGroup = 18F16A8B24AD54960064FE4A /* Products */;
			projectDirPath = "";
			projectRoot = "";
			targets = (
				18F16A8924AD54960064FE4A /* Git-It-Done */,
			);
		};
/* End PBXProject section */

/* Begin PBXResourcesBuildPhase section */
		18F16A8824AD54960064FE4A /* Resources */ = {
			isa = PBXResourcesBuildPhase;
			buildActionMask = 2147483647;
			files = (
				18F16A9A24AD54970064FE4A /* LaunchScreen.storyboard in Resources */,
				18F16AA224AD56190064FE4A /* Assets.xcassets in Resources */,
				18F16AA524AD562F0064FE4A /* Main.storyboard in Resources */,
			);
			runOnlyForDeploymentPostprocessing = 0;
		};
/* End PBXResourcesBuildPhase section */

/* Begin PBXSourcesBuildPhase section */
		18F16A8624AD54960064FE4A /* Sources */ = {
			isa = PBXSourcesBuildPhase;
			buildActionMask = 2147483647;
			files = (
				18F16AA824AE3C0F0064FE4A /* DataModel.xcdatamodeld in Sources */,
				18F16A9224AD54960064FE4A /* TodoListViewController.swift in Sources */,
				18F16ACD24AE552E0064FE4A /* CategoryTableViewController.swift in Sources */,
				18F16A8E24AD54960064FE4A /* AppDelegate.swift in Sources */,
				18F16A9024AD54960064FE4A /* SceneDelegate.swift in Sources */,
			);
			runOnlyForDeploymentPostprocessing = 0;
		};
/* End PBXSourcesBuildPhase section */

/* Begin PBXVariantGroup section */
		18F16A9824AD54970064FE4A /* LaunchScreen.storyboard */ = {
			isa = PBXVariantGroup;
			children = (
				18F16A9924AD54970064FE4A /* Base */,
			);
			name = LaunchScreen.storyboard;
			sourceTree = "<group>";
		};
		18F16AA324AD562F0064FE4A /* Main.storyboard */ = {
			isa = PBXVariantGroup;
			children = (
				18F16AA424AD562F0064FE4A /* Base */,
			);
			name = Main.storyboard;
			sourceTree = "<group>";
		};
/* End PBXVariantGroup section */

/* Begin XCBuildConfiguration section */
		18F16A9C24AD54970064FE4A /* Debug */ = {
			isa = XCBuildConfiguration;
			buildSettings = {
				ALWAYS_SEARCH_USER_PATHS = NO;
				CLANG_ANALYZER_NONNULL = YES;
				CLANG_ANALYZER_NUMBER_OBJECT_CONVERSION = YES_AGGRESSIVE;
				CLANG_CXX_LANGUAGE_STANDARD = "gnu++14";
				CLANG_CXX_LIBRARY = "libc++";
				CLANG_ENABLE_MODULES = YES;
				CLANG_ENABLE_OBJC_ARC = YES;
				CLANG_ENABLE_OBJC_WEAK = YES;
				CLANG_WARN_BLOCK_CAPTURE_AUTORELEASING = YES;
				CLANG_WARN_BOOL_CONVERSION = YES;
				CLANG_WARN_COMMA = YES;
				CLANG_WARN_CONSTANT_CONVERSION = YES;
				CLANG_WARN_DEPRECATED_OBJC_IMPLEMENTATIONS = YES;
				CLANG_WARN_DIRECT_OBJC_ISA_USAGE = YES_ERROR;
				CLANG_WARN_DOCUMENTATION_COMMENTS = YES;
				CLANG_WARN_EMPTY_BODY = YES;
				CLANG_WARN_ENUM_CONVERSION = YES;
				CLANG_WARN_INFINITE_RECURSION = YES;
				CLANG_WARN_INT_CONVERSION = YES;
				CLANG_WARN_NON_LITERAL_NULL_CONVERSION = YES;
				CLANG_WARN_OBJC_IMPLICIT_RETAIN_SELF = YES;
				CLANG_WARN_OBJC_LITERAL_CONVERSION = YES;
				CLANG_WARN_OBJC_ROOT_CLASS = YES_ERROR;
				CLANG_WARN_RANGE_LOOP_ANALYSIS = YES;
				CLANG_WARN_STRICT_PROTOTYPES = YES;
				CLANG_WARN_SUSPICIOUS_MOVE = YES;
				CLANG_WARN_UNGUARDED_AVAILABILITY = YES_AGGRESSIVE;
				CLANG_WARN_UNREACHABLE_CODE = YES;
				CLANG_WARN__DUPLICATE_METHOD_MATCH = YES;
				COPY_PHASE_STRIP = NO;
				DEBUG_INFORMATION_FORMAT = dwarf;
				ENABLE_STRICT_OBJC_MSGSEND = YES;
				ENABLE_TESTABILITY = YES;
				GCC_C_LANGUAGE_STANDARD = gnu11;
				GCC_DYNAMIC_NO_PIC = NO;
				GCC_NO_COMMON_BLOCKS = YES;
				GCC_OPTIMIZATION_LEVEL = 0;
				GCC_PREPROCESSOR_DEFINITIONS = (
					"DEBUG=1",
					"$(inherited)",
				);
				GCC_WARN_64_TO_32_BIT_CONVERSION = YES;
				GCC_WARN_ABOUT_RETURN_TYPE = YES_ERROR;
				GCC_WARN_UNDECLARED_SELECTOR = YES;
				GCC_WARN_UNINITIALIZED_AUTOS = YES_AGGRESSIVE;
				GCC_WARN_UNUSED_FUNCTION = YES;
				GCC_WARN_UNUSED_VARIABLE = YES;
				IPHONEOS_DEPLOYMENT_TARGET = 13.5;
				MTL_ENABLE_DEBUG_INFO = INCLUDE_SOURCE;
				MTL_FAST_MATH = YES;
				ONLY_ACTIVE_ARCH = YES;
				SDKROOT = iphoneos;
				SWIFT_ACTIVE_COMPILATION_CONDITIONS = DEBUG;
				SWIFT_OPTIMIZATION_LEVEL = "-Onone";
			};
			name = Debug;
		};
		18F16A9D24AD54970064FE4A /* Release */ = {
			isa = XCBuildConfiguration;
			buildSettings = {
				ALWAYS_SEARCH_USER_PATHS = NO;
				CLANG_ANALYZER_NONNULL = YES;
				CLANG_ANALYZER_NUMBER_OBJECT_CONVERSION = YES_AGGRESSIVE;
				CLANG_CXX_LANGUAGE_STANDARD = "gnu++14";
				CLANG_CXX_LIBRARY = "libc++";
				CLANG_ENABLE_MODULES = YES;
				CLANG_ENABLE_OBJC_ARC = YES;
				CLANG_ENABLE_OBJC_WEAK = YES;
				CLANG_WARN_BLOCK_CAPTURE_AUTORELEASING = YES;
				CLANG_WARN_BOOL_CONVERSION = YES;
				CLANG_WARN_COMMA = YES;
				CLANG_WARN_CONSTANT_CONVERSION = YES;
				CLANG_WARN_DEPRECATED_OBJC_IMPLEMENTATIONS = YES;
				CLANG_WARN_DIRECT_OBJC_ISA_USAGE = YES_ERROR;
				CLANG_WARN_DOCUMENTATION_COMMENTS = YES;
				CLANG_WARN_EMPTY_BODY = YES;
				CLANG_WARN_ENUM_CONVERSION = YES;
				CLANG_WARN_INFINITE_RECURSION = YES;
				CLANG_WARN_INT_CONVERSION = YES;
				CLANG_WARN_NON_LITERAL_NULL_CONVERSION = YES;
				CLANG_WARN_OBJC_IMPLICIT_RETAIN_SELF = YES;
				CLANG_WARN_OBJC_LITERAL_CONVERSION = YES;
				CLANG_WARN_OBJC_ROOT_CLASS = YES_ERROR;
				CLANG_WARN_RANGE_LOOP_ANALYSIS = YES;
				CLANG_WARN_STRICT_PROTOTYPES = YES;
				CLANG_WARN_SUSPICIOUS_MOVE = YES;
				CLANG_WARN_UNGUARDED_AVAILABILITY = YES_AGGRESSIVE;
				CLANG_WARN_UNREACHABLE_CODE = YES;
				CLANG_WARN__DUPLICATE_METHOD_MATCH = YES;
				COPY_PHASE_STRIP = NO;
				DEBUG_INFORMATION_FORMAT = "dwarf-with-dsym";
				ENABLE_NS_ASSERTIONS = NO;
				ENABLE_STRICT_OBJC_MSGSEND = YES;
				GCC_C_LANGUAGE_STANDARD = gnu11;
				GCC_NO_COMMON_BLOCKS = YES;
				GCC_WARN_64_TO_32_BIT_CONVERSION = YES;
				GCC_WARN_ABOUT_RETURN_TYPE = YES_ERROR;
				GCC_WARN_UNDECLARED_SELECTOR = YES;
				GCC_WARN_UNINITIALIZED_AUTOS = YES_AGGRESSIVE;
				GCC_WARN_UNUSED_FUNCTION = YES;
				GCC_WARN_UNUSED_VARIABLE = YES;
				IPHONEOS_DEPLOYMENT_TARGET = 13.5;
				MTL_ENABLE_DEBUG_INFO = NO;
				MTL_FAST_MATH = YES;
				SDKROOT = iphoneos;
				SWIFT_COMPILATION_MODE = wholemodule;
				SWIFT_OPTIMIZATION_LEVEL = "-O";
				VALIDATE_PRODUCT = YES;
			};
			name = Release;
		};
		18F16A9F24AD54970064FE4A /* Debug */ = {
			isa = XCBuildConfiguration;
			buildSettings = {
				ASSETCATALOG_COMPILER_APPICON_NAME = AppIcon;
				CODE_SIGN_STYLE = Automatic;
				INFOPLIST_FILE = "Git-It-Done/Info.plist";
				IPHONEOS_DEPLOYMENT_TARGET = 13.3;
				LD_RUNPATH_SEARCH_PATHS = (
					"$(inherited)",
					"@executable_path/Frameworks",
				);
				PRODUCT_BUNDLE_IDENTIFIER = "TreydinW.Git-It-Done";
				PRODUCT_NAME = "$(TARGET_NAME)";
				SWIFT_VERSION = 5.0;
				TARGETED_DEVICE_FAMILY = "1,2";
			};
			name = Debug;
		};
		18F16AA024AD54970064FE4A /* Release */ = {
			isa = XCBuildConfiguration;
			buildSettings = {
				ASSETCATALOG_COMPILER_APPICON_NAME = AppIcon;
				CODE_SIGN_STYLE = Automatic;
				INFOPLIST_FILE = "Git-It-Done/Info.plist";
				IPHONEOS_DEPLOYMENT_TARGET = 13.3;
				LD_RUNPATH_SEARCH_PATHS = (
					"$(inherited)",
					"@executable_path/Frameworks",
				);
				PRODUCT_BUNDLE_IDENTIFIER = "TreydinW.Git-It-Done";
				PRODUCT_NAME = "$(TARGET_NAME)";
				SWIFT_VERSION = 5.0;
				TARGETED_DEVICE_FAMILY = "1,2";
			};
			name = Release;
		};
/* End XCBuildConfiguration section */

/* Begin XCConfigurationList section */
		18F16A8524AD54960064FE4A /* Build configuration list for PBXProject "Git-It-Done" */ = {
			isa = XCConfigurationList;
			buildConfigurations = (
				18F16A9C24AD54970064FE4A /* Debug */,
				18F16A9D24AD54970064FE4A /* Release */,
			);
			defaultConfigurationIsVisible = 0;
			defaultConfigurationName = Release;
		};
		18F16A9E24AD54970064FE4A /* Build configuration list for PBXNativeTarget "Git-It-Done" */ = {
			isa = XCConfigurationList;
			buildConfigurations = (
				18F16A9F24AD54970064FE4A /* Debug */,
				18F16AA024AD54970064FE4A /* Release */,
			);
			defaultConfigurationIsVisible = 0;
			defaultConfigurationName = Release;
		};
/* End XCConfigurationList section */

/* Begin XCVersionGroup section */
		18F16AA624AE3C0F0064FE4A /* DataModel.xcdatamodeld */ = {
			isa = XCVersionGroup;
			children = (
				18F16AA724AE3C0F0064FE4A /* DataModel.xcdatamodel */,
			);
			currentVersion = 18F16AA724AE3C0F0064FE4A /* DataModel.xcdatamodel */;
			path = DataModel.xcdatamodeld;
			sourceTree = "<group>";
			versionGroupType = wrapper.xcdatamodel;
		};
/* End XCVersionGroup section */
	};
	rootObject = 18F16A8224AD54960064FE4A /* Project object */;
}
