// !$*UTF8*$!
{
	archiveVersion = 1;
	classes = {
	};
	objectVersion = 50;
	objects = {

/* Begin PBXBuildFile section */
		1889310C24AC404B00426900 /* BMIDetailViewController.swift in Sources */ = {isa = PBXBuildFile; fileRef = 1889310B24AC404B00426900 /* BMIDetailViewController.swift */; };
		1889310F24AC475800426900 /* CalculatorBrain.swift in Sources */ = {isa = PBXBuildFile; fileRef = 1889310E24AC475800426900 /* CalculatorBrain.swift */; };
		1889311124AC4F5000426900 /* BMI.swift in Sources */ = {isa = PBXBuildFile; fileRef = 1889311024AC4F5000426900 /* BMI.swift */; };
		18F6187224AC2347008AF460 /* AppDelegate.swift in Sources */ = {isa = PBXBuildFile; fileRef = 18F6187124AC2347008AF460 /* AppDelegate.swift */; };
		18F6187424AC2347008AF460 /* SceneDelegate.swift in Sources */ = {isa = PBXBuildFile; fileRef = 18F6187324AC2347008AF460 /* SceneDelegate.swift */; };
		18F6187624AC2347008AF460 /* CalculateViewController.swift in Sources */ = {isa = PBXBuildFile; fileRef = 18F6187524AC2347008AF460 /* CalculateViewController.swift */; };
		18F6187E24AC2348008AF460 /* LaunchScreen.storyboard in Resources */ = {isa = PBXBuildFile; fileRef = 18F6187C24AC2348008AF460 /* LaunchScreen.storyboard */; };
		18F6188624AC235B008AF460 /* Assets.xcassets in Resources */ = {isa = PBXBuildFile; fileRef = 18F6188524AC235B008AF460 /* Assets.xcassets */; };
		18F6188B24AC2467008AF460 /* Main.storyboard in Resources */ = {isa = PBXBuildFile; fileRef = 18F6188924AC2467008AF460 /* Main.storyboard */; };
/* End PBXBuildFile section */

/* Begin PBXFileReference section */
		1889310B24AC404B00426900 /* BMIDetailViewController.swift */ = {isa = PBXFileReference; lastKnownFileType = sourcecode.swift; path = BMIDetailViewController.swift; sourceTree = "<group>"; };
		1889310E24AC475800426900 /* CalculatorBrain.swift */ = {isa = PBXFileReference; lastKnownFileType = sourcecode.swift; path = CalculatorBrain.swift; sourceTree = "<group>"; };
		1889311024AC4F5000426900 /* BMI.swift */ = {isa = PBXFileReference; lastKnownFileType = sourcecode.swift; path = BMI.swift; sourceTree = "<group>"; };
		18F6186E24AC2347008AF460 /* BMI-calculator.app */ = {isa = PBXFileReference; explicitFileType = wrapper.application; includeInIndex = 0; path = "BMI-calculator.app"; sourceTree = BUILT_PRODUCTS_DIR; };
		18F6187124AC2347008AF460 /* AppDelegate.swift */ = {isa = PBXFileReference; lastKnownFileType = sourcecode.swift; path = AppDelegate.swift; sourceTree = "<group>"; };
		18F6187324AC2347008AF460 /* SceneDelegate.swift */ = {isa = PBXFileReference; lastKnownFileType = sourcecode.swift; path = SceneDelegate.swift; sourceTree = "<group>"; };
		18F6187524AC2347008AF460 /* CalculateViewController.swift */ = {isa = PBXFileReference; lastKnownFileType = sourcecode.swift; path = CalculateViewController.swift; sourceTree = "<group>"; };
		18F6187D24AC2348008AF460 /* Base */ = {isa = PBXFileReference; lastKnownFileType = file.storyboard; name = Base; path = Base.lproj/LaunchScreen.storyboard; sourceTree = "<group>"; };
		18F6187F24AC2348008AF460 /* Info.plist */ = {isa = PBXFileReference; lastKnownFileType = text.plist.xml; path = Info.plist; sourceTree = "<group>"; };
		18F6188524AC235B008AF460 /* Assets.xcassets */ = {isa = PBXFileReference; lastKnownFileType = folder.assetcatalog; name = Assets.xcassets; path = "../../../../../../Downloads/BMI-Calculator-iOS13-master/BMI Calculator/Assets.xcassets"; sourceTree = "<group>"; };
		18F6188A24AC2467008AF460 /* Base */ = {isa = PBXFileReference; lastKnownFileType = file.storyboard; name = Base; path = "../../../../../../../Downloads/BMI-Calculator-iOS13-master/BMI Calculator/Views/Base.lproj/Main.storyboard"; sourceTree = "<group>"; };
/* End PBXFileReference section */

/* Begin PBXFrameworksBuildPhase section */
		18F6186B24AC2347008AF460 /* Frameworks */ = {
			isa = PBXFrameworksBuildPhase;
			buildActionMask = 2147483647;
			files = (
			);
			runOnlyForDeploymentPostprocessing = 0;
		};
/* End PBXFrameworksBuildPhase section */

/* Begin PBXGroup section */
		1889310D24AC474800426900 /* Models */ = {
			isa = PBXGroup;
			children = (
				1889310E24AC475800426900 /* CalculatorBrain.swift */,
				1889311024AC4F5000426900 /* BMI.swift */,
			);
			path = Models;
			sourceTree = "<group>";
		};
		18F6186524AC2347008AF460 = {
			isa = PBXGroup;
			children = (
				18F6187024AC2347008AF460 /* BMI-calculator */,
				18F6186F24AC2347008AF460 /* Products */,
			);
			sourceTree = "<group>";
		};
		18F6186F24AC2347008AF460 /* Products */ = {
			isa = PBXGroup;
			children = (
				18F6186E24AC2347008AF460 /* BMI-calculator.app */,
			);
			name = Products;
			sourceTree = "<group>";
		};
		18F6187024AC2347008AF460 /* BMI-calculator */ = {
			isa = PBXGroup;
			children = (
				1889310D24AC474800426900 /* Models */,
				18F6187124AC2347008AF460 /* AppDelegate.swift */,
				18F6187324AC2347008AF460 /* SceneDelegate.swift */,
				18F6188724AC2382008AF460 /* Controllers */,
				18F6188824AC2395008AF460 /* Views */,
				18F6188524AC235B008AF460 /* Assets.xcassets */,
				18F6187C24AC2348008AF460 /* LaunchScreen.storyboard */,
				18F6187F24AC2348008AF460 /* Info.plist */,
			);
			path = "BMI-calculator";
			sourceTree = "<group>";
		};
		18F6188724AC2382008AF460 /* Controllers */ = {
			isa = PBXGroup;
			children = (
				18F6187524AC2347008AF460 /* CalculateViewController.swift */,
				1889310B24AC404B00426900 /* BMIDetailViewController.swift */,
			);
			path = Controllers;
			sourceTree = "<group>";
		};
		18F6188824AC2395008AF460 /* Views */ = {
			isa = PBXGroup;
			children = (
				18F6188924AC2467008AF460 /* Main.storyboard */,
			);
			path = Views;
			sourceTree = "<group>";
		};
/* End PBXGroup section */

/* Begin PBXNativeTarget section */
		18F6186D24AC2347008AF460 /* BMI-calculator */ = {
			isa = PBXNativeTarget;
			buildConfigurationList = 18F6188224AC2348008AF460 /* Build configuration list for PBXNativeTarget "BMI-calculator" */;
			buildPhases = (
				18F6186A24AC2347008AF460 /* Sources */,
				18F6186B24AC2347008AF460 /* Frameworks */,
				18F6186C24AC2347008AF460 /* Resources */,
			);
			buildRules = (
			);
			dependencies = (
			);
			name = "BMI-calculator";
			productName = "BMI-calculator";
			productReference = 18F6186E24AC2347008AF460 /* BMI-calculator.app */;
			productType = "com.apple.product-type.application";
		};
/* End PBXNativeTarget section */

/* Begin PBXProject section */
		18F6186624AC2347008AF460 /* Project object */ = {
			isa = PBXProject;
			attributes = {
				LastSwiftUpdateCheck = 1150;
				LastUpgradeCheck = 1150;
				ORGANIZATIONNAME = "Treydin Winward";
				TargetAttributes = {
					18F6186D24AC2347008AF460 = {
						CreatedOnToolsVersion = 11.5;
					};
				};
			};
			buildConfigurationList = 18F6186924AC2347008AF460 /* Build configuration list for PBXProject "BMI-calculator" */;
			compatibilityVersion = "Xcode 9.3";
			developmentRegion = en;
			hasScannedForEncodings = 0;
			knownRegions = (
				en,
				Base,
			);
			mainGroup = 18F6186524AC2347008AF460;
			productRefGroup = 18F6186F24AC2347008AF460 /* Products */;
			projectDirPath = "";
			projectRoot = "";
			targets = (
				18F6186D24AC2347008AF460 /* BMI-calculator */,
			);
		};
/* End PBXProject section */

/* Begin PBXResourcesBuildPhase section */
		18F6186C24AC2347008AF460 /* Resources */ = {
			isa = PBXResourcesBuildPhase;
			buildActionMask = 2147483647;
			files = (
				18F6187E24AC2348008AF460 /* LaunchScreen.storyboard in Resources */,
				18F6188624AC235B008AF460 /* Assets.xcassets in Resources */,
				18F6188B24AC2467008AF460 /* Main.storyboard in Resources */,
			);
			runOnlyForDeploymentPostprocessing = 0;
		};
/* End PBXResourcesBuildPhase section */

/* Begin PBXSourcesBuildPhase section */
		18F6186A24AC2347008AF460 /* Sources */ = {
			isa = PBXSourcesBuildPhase;
			buildActionMask = 2147483647;
			files = (
				1889310F24AC475800426900 /* CalculatorBrain.swift in Sources */,
				18F6187624AC2347008AF460 /* CalculateViewController.swift in Sources */,
				18F6187224AC2347008AF460 /* AppDelegate.swift in Sources */,
				1889310C24AC404B00426900 /* BMIDetailViewController.swift in Sources */,
				1889311124AC4F5000426900 /* BMI.swift in Sources */,
				18F6187424AC2347008AF460 /* SceneDelegate.swift in Sources */,
			);
			runOnlyForDeploymentPostprocessing = 0;
		};
/* End PBXSourcesBuildPhase section */

/* Begin PBXVariantGroup section */
		18F6187C24AC2348008AF460 /* LaunchScreen.storyboard */ = {
			isa = PBXVariantGroup;
			children = (
				18F6187D24AC2348008AF460 /* Base */,
			);
			name = LaunchScreen.storyboard;
			sourceTree = "<group>";
		};
		18F6188924AC2467008AF460 /* Main.storyboard */ = {
			isa = PBXVariantGroup;
			children = (
				18F6188A24AC2467008AF460 /* Base */,
			);
			name = Main.storyboard;
			sourceTree = "<group>";
		};
/* End PBXVariantGroup section */

/* Begin XCBuildConfiguration section */
		18F6188024AC2348008AF460 /* Debug */ = {
			isa = XCBuildConfiguration;
			buildSettings = {
				ALWAYS_SEARCH_USER_PATHS = NO;
				CLANG_ANALYZER_NONNULL = YES;
				CLANG_ANALYZER_NUMBER_OBJECT_CONVERSION = YES_AGGRESSIVE;
				CLANG_CXX_LANGUAGE_STANDARD = "gnu++14";
				CLANG_CXX_LIBRARY = "libc++";
				CLANG_ENABLE_MODULES = YES;
				CLANG_ENABLE_OBJC_ARC = YES;
				CLANG_ENABLE_OBJC_WEAK = YES;
				CLANG_WARN_BLOCK_CAPTURE_AUTORELEASING = YES;
				CLANG_WARN_BOOL_CONVERSION = YES;
				CLANG_WARN_COMMA = YES;
				CLANG_WARN_CONSTANT_CONVERSION = YES;
				CLANG_WARN_DEPRECATED_OBJC_IMPLEMENTATIONS = YES;
				CLANG_WARN_DIRECT_OBJC_ISA_USAGE = YES_ERROR;
				CLANG_WARN_DOCUMENTATION_COMMENTS = YES;
				CLANG_WARN_EMPTY_BODY = YES;
				CLANG_WARN_ENUM_CONVERSION = YES;
				CLANG_WARN_INFINITE_RECURSION = YES;
				CLANG_WARN_INT_CONVERSION = YES;
				CLANG_WARN_NON_LITERAL_NULL_CONVERSION = YES;
				CLANG_WARN_OBJC_IMPLICIT_RETAIN_SELF = YES;
				CLANG_WARN_OBJC_LITERAL_CONVERSION = YES;
				CLANG_WARN_OBJC_ROOT_CLASS = YES_ERROR;
				CLANG_WARN_RANGE_LOOP_ANALYSIS = YES;
				CLANG_WARN_STRICT_PROTOTYPES = YES;
				CLANG_WARN_SUSPICIOUS_MOVE = YES;
				CLANG_WARN_UNGUARDED_AVAILABILITY = YES_AGGRESSIVE;
				CLANG_WARN_UNREACHABLE_CODE = YES;
				CLANG_WARN__DUPLICATE_METHOD_MATCH = YES;
				COPY_PHASE_STRIP = NO;
				DEBUG_INFORMATION_FORMAT = dwarf;
				ENABLE_STRICT_OBJC_MSGSEND = YES;
				ENABLE_TESTABILITY = YES;
				GCC_C_LANGUAGE_STANDARD = gnu11;
				GCC_DYNAMIC_NO_PIC = NO;
				GCC_NO_COMMON_BLOCKS = YES;
				GCC_OPTIMIZATION_LEVEL = 0;
				GCC_PREPROCESSOR_DEFINITIONS = (
					"DEBUG=1",
					"$(inherited)",
				);
				GCC_WARN_64_TO_32_BIT_CONVERSION = YES;
				GCC_WARN_ABOUT_RETURN_TYPE = YES_ERROR;
				GCC_WARN_UNDECLARED_SELECTOR = YES;
				GCC_WARN_UNINITIALIZED_AUTOS = YES_AGGRESSIVE;
				GCC_WARN_UNUSED_FUNCTION = YES;
				GCC_WARN_UNUSED_VARIABLE = YES;
				IPHONEOS_DEPLOYMENT_TARGET = 13.5;
				MTL_ENABLE_DEBUG_INFO = INCLUDE_SOURCE;
				MTL_FAST_MATH = YES;
				ONLY_ACTIVE_ARCH = YES;
				SDKROOT = iphoneos;
				SWIFT_ACTIVE_COMPILATION_CONDITIONS = DEBUG;
				SWIFT_OPTIMIZATION_LEVEL = "-Onone";
			};
			name = Debug;
		};
		18F6188124AC2348008AF460 /* Release */ = {
			isa = XCBuildConfiguration;
			buildSettings = {
				ALWAYS_SEARCH_USER_PATHS = NO;
				CLANG_ANALYZER_NONNULL = YES;
				CLANG_ANALYZER_NUMBER_OBJECT_CONVERSION = YES_AGGRESSIVE;
				CLANG_CXX_LANGUAGE_STANDARD = "gnu++14";
				CLANG_CXX_LIBRARY = "libc++";
				CLANG_ENABLE_MODULES = YES;
				CLANG_ENABLE_OBJC_ARC = YES;
				CLANG_ENABLE_OBJC_WEAK = YES;
				CLANG_WARN_BLOCK_CAPTURE_AUTORELEASING = YES;
				CLANG_WARN_BOOL_CONVERSION = YES;
				CLANG_WARN_COMMA = YES;
				CLANG_WARN_CONSTANT_CONVERSION = YES;
				CLANG_WARN_DEPRECATED_OBJC_IMPLEMENTATIONS = YES;
				CLANG_WARN_DIRECT_OBJC_ISA_USAGE = YES_ERROR;
				CLANG_WARN_DOCUMENTATION_COMMENTS = YES;
				CLANG_WARN_EMPTY_BODY = YES;
				CLANG_WARN_ENUM_CONVERSION = YES;
				CLANG_WARN_INFINITE_RECURSION = YES;
				CLANG_WARN_INT_CONVERSION = YES;
				CLANG_WARN_NON_LITERAL_NULL_CONVERSION = YES;
				CLANG_WARN_OBJC_IMPLICIT_RETAIN_SELF = YES;
				CLANG_WARN_OBJC_LITERAL_CONVERSION = YES;
				CLANG_WARN_OBJC_ROOT_CLASS = YES_ERROR;
				CLANG_WARN_RANGE_LOOP_ANALYSIS = YES;
				CLANG_WARN_STRICT_PROTOTYPES = YES;
				CLANG_WARN_SUSPICIOUS_MOVE = YES;
				CLANG_WARN_UNGUARDED_AVAILABILITY = YES_AGGRESSIVE;
				CLANG_WARN_UNREACHABLE_CODE = YES;
				CLANG_WARN__DUPLICATE_METHOD_MATCH = YES;
				COPY_PHASE_STRIP = NO;
				DEBUG_INFORMATION_FORMAT = "dwarf-with-dsym";
				ENABLE_NS_ASSERTIONS = NO;
				ENABLE_STRICT_OBJC_MSGSEND = YES;
				GCC_C_LANGUAGE_STANDARD = gnu11;
				GCC_NO_COMMON_BLOCKS = YES;
				GCC_WARN_64_TO_32_BIT_CONVERSION = YES;
				GCC_WARN_ABOUT_RETURN_TYPE = YES_ERROR;
				GCC_WARN_UNDECLARED_SELECTOR = YES;
				GCC_WARN_UNINITIALIZED_AUTOS = YES_AGGRESSIVE;
				GCC_WARN_UNUSED_FUNCTION = YES;
				GCC_WARN_UNUSED_VARIABLE = YES;
				IPHONEOS_DEPLOYMENT_TARGET = 13.5;
				MTL_ENABLE_DEBUG_INFO = NO;
				MTL_FAST_MATH = YES;
				SDKROOT = iphoneos;
				SWIFT_COMPILATION_MODE = wholemodule;
				SWIFT_OPTIMIZATION_LEVEL = "-O";
				VALIDATE_PRODUCT = YES;
			};
			name = Release;
		};
		18F6188324AC2348008AF460 /* Debug */ = {
			isa = XCBuildConfiguration;
			buildSettings = {
				ASSETCATALOG_COMPILER_APPICON_NAME = AppIcon;
				CODE_SIGN_STYLE = Automatic;
				INFOPLIST_FILE = "BMI-calculator/Info.plist";
				LD_RUNPATH_SEARCH_PATHS = (
					"$(inherited)",
					"@executable_path/Frameworks",
				);
				PRODUCT_BUNDLE_IDENTIFIER = "TreydinW.BMI-calculator";
				PRODUCT_NAME = "$(TARGET_NAME)";
				SWIFT_VERSION = 5.0;
				TARGETED_DEVICE_FAMILY = "1,2";
			};
			name = Debug;
		};
		18F6188424AC2348008AF460 /* Release */ = {
			isa = XCBuildConfiguration;
			buildSettings = {
				ASSETCATALOG_COMPILER_APPICON_NAME = AppIcon;
				CODE_SIGN_STYLE = Automatic;
				INFOPLIST_FILE = "BMI-calculator/Info.plist";
				LD_RUNPATH_SEARCH_PATHS = (
					"$(inherited)",
					"@executable_path/Frameworks",
				);
				PRODUCT_BUNDLE_IDENTIFIER = "TreydinW.BMI-calculator";
				PRODUCT_NAME = "$(TARGET_NAME)";
				SWIFT_VERSION = 5.0;
				TARGETED_DEVICE_FAMILY = "1,2";
			};
			name = Release;
		};
/* End XCBuildConfiguration section */

/* Begin XCConfigurationList section */
		18F6186924AC2347008AF460 /* Build configuration list for PBXProject "BMI-calculator" */ = {
			isa = XCConfigurationList;
			buildConfigurations = (
				18F6188024AC2348008AF460 /* Debug */,
				18F6188124AC2348008AF460 /* Release */,
			);
			defaultConfigurationIsVisible = 0;
			defaultConfigurationName = Release;
		};
		18F6188224AC2348008AF460 /* Build configuration list for PBXNativeTarget "BMI-calculator" */ = {
			isa = XCConfigurationList;
			buildConfigurations = (
				18F6188324AC2348008AF460 /* Debug */,
				18F6188424AC2348008AF460 /* Release */,
			);
			defaultConfigurationIsVisible = 0;
			defaultConfigurationName = Release;
		};
/* End XCConfigurationList section */
	};
	rootObject = 18F6186624AC2347008AF460 /* Project object */;
}
